
Microsoft Visual Studio Solution File, Format Version 12.00
# Visual Studio Version 17
VisualStudioVersion = 17.12.35309.182
MinimumVisualStudioVersion = 10.0.40219.1
Project("{FAE04EC0-301F-11D3-BF4B-00C04F79EFBC}") = "SkincareShop", "SkincareShop\SkincareShop.csproj", "{BE631D35-7929-49AA-BB6A-A1847E51C3D6}"
EndProject
Project("{FAE04EC0-301F-11D3-BF4B-00C04F79EFBC}") = "DAL", "DAL\DAL.csproj", "{5E16441F-83A7-4976-87C1-99DDCE7B10DE}"
EndProject
Project("{FAE04EC0-301F-11D3-BF4B-00C04F79EFBC}") = "BLL", "BLL\BLL.csproj", "{81EC5054-9B9E-4BDE-8830-F25145F6D66E}"
EndProject
Global
	GlobalSection(SolutionConfigurationPlatforms) = preSolution
		Debug|Any CPU = Debug|Any CPU
		Release|Any CPU = Release|Any CPU
	EndGlobalSection
	GlobalSection(ProjectConfigurationPlatforms) = postSolution
		{BE631D35-7929-49AA-BB6A-A1847E51C3D6}.Debug|Any CPU.ActiveCfg = Debug|Any CPU
		{BE631D35-7929-49AA-BB6A-A1847E51C3D6}.Debug|Any CPU.Build.0 = Debug|Any CPU
		{BE631D35-7929-49AA-BB6A-A1847E51C3D6}.Release|Any CPU.ActiveCfg = Release|Any CPU
		{BE631D35-7929-49AA-BB6A-A1847E51C3D6}.Release|Any CPU.Build.0 = Release|Any CPU
		{5E16441F-83A7-4976-87C1-99DDCE7B10DE}.Debug|Any CPU.ActiveCfg = Debug|Any CPU
		{5E16441F-83A7-4976-87C1-99DDCE7B10DE}.Debug|Any CPU.Build.0 = Debug|Any CPU
		{5E16441F-83A7-4976-87C1-99DDCE7B10DE}.Release|Any CPU.ActiveCfg = Release|Any CPU
		{5E16441F-83A7-4976-87C1-99DDCE7B10DE}.Release|Any CPU.Build.0 = Release|Any CPU
		{81EC5054-9B9E-4BDE-8830-F25145F6D66E}.Debug|Any CPU.ActiveCfg = Debug|Any CPU
		{81EC5054-9B9E-4BDE-8830-F25145F6D66E}.Debug|Any CPU.Build.0 = Debug|Any CPU
		{81EC5054-9B9E-4BDE-8830-F25145F6D66E}.Release|Any CPU.ActiveCfg = Release|Any CPU
		{81EC5054-9B9E-4BDE-8830-F25145F6D66E}.Release|Any CPU.Build.0 = Release|Any CPU
	EndGlobalSection
	GlobalSection(SolutionProperties) = preSolution
		HideSolutionNode = FALSE
	EndGlobalSection
	GlobalSection(ExtensibilityGlobals) = postSolution
		SolutionGuid = {D4279C11-2FD0-484B-A586-806D9155ABA7}
	EndGlobalSection
EndGlobal
